{
    "_readme": [
        "This file locks the dependencies of your project to a known state",
        "Read more about it at https://getcomposer.org/doc/01-basic-usage.md#installing-dependencies",
        "This file is @generated automatically"
    ],
    "content-hash": "9784d5dd83caa840c15037a4099c2ff0",
    "packages": [
        {
            "name": "composer/installers",
            "version": "v1.9.0",
            "source": {
                "type": "git",
                "url": "https://github.com/composer/installers.git",
                "reference": "b93bcf0fa1fccb0b7d176b0967d969691cd74cca"
            },
            "dist": {
                "type": "zip",
                "url": "https://api.github.com/repos/composer/installers/zipball/b93bcf0fa1fccb0b7d176b0967d969691cd74cca",
                "reference": "b93bcf0fa1fccb0b7d176b0967d969691cd74cca",
                "shasum": ""
            },
            "require": {
                "composer-plugin-api": "^1.0 || ^2.0"
            },
            "replace": {
                "roundcube/plugin-installer": "*",
                "shama/baton": "*"
            },
            "require-dev": {
                "composer/composer": "1.6.* || 2.0.*@dev",
                "composer/semver": "1.0.* || 2.0.*@dev",
                "phpunit/phpunit": "^4.8.36",
                "sebastian/comparator": "^1.2.4",
                "symfony/process": "^2.3"
            },
            "type": "composer-plugin",
            "extra": {
                "class": "Composer\\Installers\\Plugin",
                "branch-alias": {
                    "dev-master": "1.0-dev"
                }
            },
            "autoload": {
                "psr-4": {
                    "Composer\\Installers\\": "src/Composer/Installers"
                }
            },
            "notification-url": "https://packagist.org/downloads/",
            "license": [
                "MIT"
            ],
            "authors": [
                {
                    "name": "Kyle Robinson Young",
                    "email": "kyle@dontkry.com",
                    "homepage": "https://github.com/shama"
                }
            ],
            "description": "A multi-framework Composer library installer",
            "homepage": "https://composer.github.io/installers/",
            "keywords": [
                "Craft",
                "Dolibarr",
                "Eliasis",
                "Hurad",
                "ImageCMS",
                "Kanboard",
                "Lan Management System",
                "MODX Evo",
                "MantisBT",
                "Mautic",
                "Maya",
                "OXID",
                "Plentymarkets",
                "Porto",
                "RadPHP",
                "SMF",
                "Thelia",
                "Whmcs",
                "WolfCMS",
                "agl",
                "aimeos",
                "annotatecms",
                "attogram",
                "bitrix",
                "cakephp",
                "chef",
                "cockpit",
                "codeigniter",
                "concrete5",
                "croogo",
                "dokuwiki",
                "drupal",
                "eZ Platform",
                "elgg",
                "expressionengine",
                "fuelphp",
                "grav",
                "installer",
                "itop",
                "joomla",
                "known",
                "kohana",
                "laravel",
                "lavalite",
                "lithium",
                "magento",
                "majima",
                "mako",
                "mediawiki",
                "modulework",
                "modx",
                "moodle",
                "osclass",
                "phpbb",
                "piwik",
                "ppi",
                "puppet",
                "pxcms",
                "reindex",
                "roundcube",
                "shopware",
                "silverstripe",
                "sydes",
                "sylius",
                "symfony",
                "typo3",
                "wordpress",
                "yawik",
                "zend",
                "zikula"
            ],
            "funding": [
                {
                    "url": "https://packagist.com",
                    "type": "custom"
                },
                {
                    "url": "https://tidelift.com/funding/github/packagist/composer/composer",
                    "type": "tidelift"
                }
            ],
            "time": "2020-04-07T06:57:05+00:00"
        },
        {
            "name": "deliciousbrains/wp-background-processing",
            "version": "1.0.2",
            "source": {
                "type": "git",
                "url": "https://github.com/deliciousbrains/wp-background-processing.git",
                "reference": "2cbee1abd1b49e1133cd8f611df4d4fc5a8b9800"
            },
            "dist": {
                "type": "zip",
                "url": "https://api.github.com/repos/deliciousbrains/wp-background-processing/zipball/2cbee1abd1b49e1133cd8f611df4d4fc5a8b9800",
                "reference": "2cbee1abd1b49e1133cd8f611df4d4fc5a8b9800",
                "shasum": ""
            },
            "require": {
                "php": ">=5.2"
            },
            "suggest": {
                "coenjacobs/mozart": "Easily wrap this library with your own prefix, to prevent collisions when multiple plugins use this library"
            },
            "type": "library",
            "autoload": {
                "classmap": [
                    "classes/"
                ]
            },
            "notification-url": "https://packagist.org/downloads/",
            "license": [
                "GPL-2.0-or-later"
            ],
            "authors": [
                {
                    "name": "Delicious Brains",
                    "email": "nom@deliciousbrains.com"
                }
            ],
            "description": "WP Background Processing can be used to fire off non-blocking asynchronous requests or as a background processing tool, allowing you to queue tasks.",
            "time": "2020-07-31T07:00:11+00:00"
        },
        {
            "name": "psr/log",
            "version": "1.1.3",
            "source": {
                "type": "git",
                "url": "https://github.com/php-fig/log.git",
                "reference": "0f73288fd15629204f9d42b7055f72dacbe811fc"
            },
            "dist": {
                "type": "zip",
                "url": "https://api.github.com/repos/php-fig/log/zipball/0f73288fd15629204f9d42b7055f72dacbe811fc",
                "reference": "0f73288fd15629204f9d42b7055f72dacbe811fc",
                "shasum": ""
            },
            "require": {
                "php": ">=5.3.0"
            },
            "type": "library",
            "extra": {
                "branch-alias": {
                    "dev-master": "1.1.x-dev"
                }
            },
            "autoload": {
                "psr-4": {
                    "Psr\\Log\\": "Psr/Log/"
                }
            },
            "notification-url": "https://packagist.org/downloads/",
            "license": [
                "MIT"
            ],
            "authors": [
                {
                    "name": "PHP-FIG",
                    "homepage": "http://www.php-fig.org/"
                }
            ],
            "description": "Common interface for logging libraries",
            "homepage": "https://github.com/php-fig/log",
            "keywords": [
                "log",
                "psr",
                "psr-3"
            ],
            "time": "2020-03-23T09:12:05+00:00"
        },
        {
            "name": "rosell-dk/image-mime-type-guesser",
            "version": "0.3",
            "source": {
                "type": "git",
                "url": "https://github.com/rosell-dk/image-mime-type-guesser.git",
                "reference": "204fd61ca81e3b0ba46c6165dab8f74816b1fe99"
            },
            "dist": {
                "type": "zip",
                "url": "https://api.github.com/repos/rosell-dk/image-mime-type-guesser/zipball/204fd61ca81e3b0ba46c6165dab8f74816b1fe99",
                "reference": "204fd61ca81e3b0ba46c6165dab8f74816b1fe99",
                "shasum": ""
            },
            "require-dev": {
                "friendsofphp/php-cs-fixer": "^2.11",
                "phpunit/phpunit": "^5.7.27",
                "squizlabs/php_codesniffer": "3.*"
            },
            "type": "library",
            "extra": {
                "scripts-descriptions": {
                    "ci": "Run tests before CI",
                    "phpcs": "Checks coding styles (PSR2) of file/dir, which you must supply. To check all, supply 'src'",
                    "phpcbf": "Fix coding styles (PSR2) of file/dir, which you must supply. To fix all, supply 'src'",
                    "cs-fix-all": "Fix the coding style of all the source files, to comply with the PSR-2 coding standard",
                    "cs-fix": "Fix the coding style of a PHP file or directory, which you must specify.",
                    "test": "Launches the preconfigured PHPUnit"
                }
            },
            "autoload": {
                "psr-4": {
                    "ImageMimeTypeGuesser\\": "src/"
                }
            },
            "notification-url": "https://packagist.org/downloads/",
            "license": [
                "MIT"
            ],
            "authors": [
                {
                    "name": "Bjørn Rosell",
                    "homepage": "https://www.bitwise-it.dk/contact",
                    "role": "Project Author"
                }
            ],
            "description": "Guess mime type of images",
            "keywords": [
                "image",
                "images",
                "mime",
                "mime type"
            ],
            "time": "2019-03-29T09:33:28+00:00"
        },
        {
            "name": "rosell-dk/webp-convert",
            "version": "2.3.2",
            "source": {
                "type": "git",
                "url": "https://github.com/rosell-dk/webp-convert.git",
                "reference": "5da7989e87cc0b6c61a5fd73262ed28999be27ab"
            },
            "dist": {
                "type": "zip",
                "url": "https://api.github.com/repos/rosell-dk/webp-convert/zipball/5da7989e87cc0b6c61a5fd73262ed28999be27ab",
                "reference": "5da7989e87cc0b6c61a5fd73262ed28999be27ab",
                "shasum": ""
            },
            "require": {
                "php": "^5.6 | ^7.0",
                "rosell-dk/image-mime-type-guesser": "^0.3"
            },
            "require-dev": {
                "friendsofphp/php-cs-fixer": "^2.11",
                "phpunit/phpunit": "5.7.27",
                "squizlabs/php_codesniffer": "3.*"
            },
            "suggest": {
                "ext-gd": "to use GD extension for converting. Note: Gd must be compiled with webp support",
                "ext-imagick": "to use Imagick extension for converting. Note: Gd must be compiled with webp support",
                "ext-vips": "to use Vips extension for converting.",
                "php-stan/php-stan": "Suggested for dev, in order to analyse code before committing"
            },
            "type": "library",
            "extra": {
                "scripts-descriptions": {
                    "ci": "Run tests before CI",
                    "phpcs": "Checks coding styles (PSR2) of file/dir, which you must supply. To check all, supply 'src'",
                    "phpcbf": "Fix coding styles (PSR2) of file/dir, which you must supply. To fix all, supply 'src'",
                    "cs-fix-all": "Fix the coding style of all the source files, to comply with the PSR-2 coding standard",
                    "cs-fix": "Fix the coding style of a PHP file or directory, which you must specify.",
                    "test": "Launches the preconfigured PHPUnit"
                }
            },
            "autoload": {
                "psr-4": {
                    "WebPConvert\\": "src/"
                }
            },
            "notification-url": "https://packagist.org/downloads/",
            "license": [
                "MIT"
            ],
            "authors": [
                {
                    "name": "Bjørn Rosell",
                    "homepage": "https://www.bitwise-it.dk/contact",
                    "role": "Project Author"
                },
                {
                    "name": "Martin Folkers",
                    "homepage": "https://twobrain.io",
                    "role": "Collaborator"
                }
            ],
            "description": "Convert JPEG & PNG to WebP with PHP",
            "keywords": [
                "Webp",
                "cwebp",
                "gd",
                "image conversion",
                "images",
                "imagick",
                "jpg",
                "jpg2webp",
                "png",
                "png2webp"
            ],
            "time": "2020-04-18T14:41:50+00:00"
        },
        {
            "name": "spatie/image-optimizer",
            "version": "1.2.1",
            "source": {
                "type": "git",
                "url": "https://github.com/spatie/image-optimizer.git",
                "reference": "9c1d470e34b28b715d25edb539dd6c899461527c"
            },
            "dist": {
                "type": "zip",
                "url": "https://api.github.com/repos/spatie/image-optimizer/zipball/9c1d470e34b28b715d25edb539dd6c899461527c",
                "reference": "9c1d470e34b28b715d25edb539dd6c899461527c",
                "shasum": ""
            },
            "require": {
                "ext-fileinfo": "*",
                "php": "^7.2",
                "psr/log": "^1.0",
                "symfony/process": "^4.2|^5.0"
            },
            "require-dev": {
                "phpunit/phpunit": "^8.0",
                "symfony/var-dumper": "^4.2|^5.0"
            },
            "type": "library",
            "autoload": {
                "psr-4": {
                    "Spatie\\ImageOptimizer\\": "src"
                }
            },
            "notification-url": "https://packagist.org/downloads/",
            "license": [
                "MIT"
            ],
            "authors": [
                {
                    "name": "Freek Van der Herten",
                    "email": "freek@spatie.be",
                    "homepage": "https://spatie.be",
                    "role": "Developer"
                }
            ],
            "description": "Easily optimize images using PHP",
            "homepage": "https://github.com/spatie/image-optimizer",
            "keywords": [
                "image-optimizer",
                "spatie"
            ],
            "time": "2019-11-25T12:29:24+00:00"
        },
        {
            "name": "symfony/polyfill-php80",
            "version": "v1.18.1",
            "source": {
                "type": "git",
                "url": "https://github.com/symfony/polyfill-php80.git",
                "reference": "d87d5766cbf48d72388a9f6b85f280c8ad51f981"
            },
            "dist": {
                "type": "zip",
                "url": "https://api.github.com/repos/symfony/polyfill-php80/zipball/d87d5766cbf48d72388a9f6b85f280c8ad51f981",
                "reference": "d87d5766cbf48d72388a9f6b85f280c8ad51f981",
                "shasum": ""
            },
            "require": {
                "php": ">=7.0.8"
            },
            "type": "library",
            "extra": {
                "branch-alias": {
                    "dev-master": "1.18-dev"
                },
                "thanks": {
                    "name": "symfony/polyfill",
                    "url": "https://github.com/symfony/polyfill"
                }
            },
            "autoload": {
                "psr-4": {
                    "Symfony\\Polyfill\\Php80\\": ""
                },
                "files": [
                    "bootstrap.php"
                ],
                "classmap": [
                    "Resources/stubs"
                ]
            },
            "notification-url": "https://packagist.org/downloads/",
            "license": [
                "MIT"
            ],
            "authors": [
                {
                    "name": "Ion Bazan",
                    "email": "ion.bazan@gmail.com"
                },
                {
                    "name": "Nicolas Grekas",
                    "email": "p@tchwork.com"
                },
                {
                    "name": "Symfony Community",
                    "homepage": "https://symfony.com/contributors"
                }
            ],
            "description": "Symfony polyfill backporting some PHP 8.0+ features to lower PHP versions",
            "homepage": "https://symfony.com",
            "keywords": [
                "compatibility",
                "polyfill",
                "portable",
                "shim"
            ],
            "funding": [
                {
                    "url": "https://symfony.com/sponsor",
                    "type": "custom"
                },
                {
                    "url": "https://github.com/fabpot",
                    "type": "github"
                },
                {
                    "url": "https://tidelift.com/funding/github/packagist/symfony/symfony",
                    "type": "tidelift"
                }
            ],
            "time": "2020-07-14T12:35:20+00:00"
        },
        {
            "name": "symfony/process",
            "version": "v5.1.7",
            "source": {
                "type": "git",
                "url": "https://github.com/symfony/process.git",
                "reference": "d3a2e64866169586502f0cd9cab69135ad12cee9"
            },
            "dist": {
                "type": "zip",
                "url": "https://api.github.com/repos/symfony/process/zipball/d3a2e64866169586502f0cd9cab69135ad12cee9",
                "reference": "d3a2e64866169586502f0cd9cab69135ad12cee9",
                "shasum": ""
            },
            "require": {
                "php": ">=7.2.5",
                "symfony/polyfill-php80": "^1.15"
            },
            "type": "library",
            "extra": {
                "branch-alias": {
                    "dev-master": "5.1-dev"
                }
            },
            "autoload": {
                "psr-4": {
                    "Symfony\\Component\\Process\\": ""
                },
                "exclude-from-classmap": [
                    "/Tests/"
                ]
            },
            "notification-url": "https://packagist.org/downloads/",
            "license": [
                "MIT"
            ],
            "authors": [
                {
                    "name": "Fabien Potencier",
                    "email": "fabien@symfony.com"
                },
                {
                    "name": "Symfony Community",
                    "homepage": "https://symfony.com/contributors"
                }
            ],
            "description": "Symfony Process Component",
            "homepage": "https://symfony.com",
            "funding": [
                {
                    "url": "https://symfony.com/sponsor",
                    "type": "custom"
                },
                {
                    "url": "https://github.com/fabpot",
                    "type": "github"
                },
                {
                    "url": "https://tidelift.com/funding/github/packagist/symfony/symfony",
                    "type": "tidelift"
                }
            ],
            "time": "2020-09-02T16:23:27+00:00"
        }
    ],
    "packages-dev": [],
    "aliases": [],
    "minimum-stability": "stable",
    "stability-flags": [],
    "prefer-stable": false,
    "prefer-lowest": false,
    "platform": [],
    "platform-dev": [],
    "plugin-api-version": "1.1.0"
}
